schema: '2.0'
stages:
  preprocess:
    cmd: python src/preprocess.py data/data-1754297123597.csv data/processed.csv
    deps:
    - path: data/data-1756126612050.csv
      hash: md5
      md5: 448de498a9f801b2a2f00c733ae192f5
      size: 310056916
    - path: src/preprocess.py
      hash: md5
      md5: 2016950da7a1a5a773d5c9db97ee0e49
      size: 1334
    outs:
    - path: data/processed.csv
      hash: md5
      md5: cd56356c697ccbdbc05233244cba59c1
      size: 11295574
  train:
    cmd: python src/train.py data/processed.csv outputs --params params.yaml
    deps:
    - path: data/processed.csv
      hash: md5
      md5: cd56356c697ccbdbc05233244cba59c1
      size: 11295574
    - path: params.yaml
      hash: md5
      md5: 5e8cf3dc308e9ca0fd4d4530e792803a
      size: 340
    - path: src/train.py
      hash: md5
      md5: 1aa71c4b491738426ea86439507eb778
      size: 2936
    outs:
    - path: outputs
      hash: md5
      md5: 42022e506e6530395a8eb41e361e75d7.dir
      size: 18771968
      nfiles: 3
  evaluate:
    cmd: python src/evaluate.py data/processed.csv outputs/model_rf.joblib 
      outputs/scaler.joblib
    deps:
    - path: data/processed.csv
      hash: md5
      md5: cd56356c697ccbdbc05233244cba59c1
      size: 11295574
    - path: outputs/model_rf.joblib
      hash: md5
      md5: 0568bc15ec29ee94e23feb6b6bda05f4
      size: 18769873
    - path: outputs/scaler.joblib
      hash: md5
      md5: d1387da7a0ea466e2ce530fe42cd908e
      size: 1375
    - path: src/evaluate.py
      hash: md5
      md5: 2ab05ac3c0249a523b21edc4c14e024d
      size: 2298
    outs:
    - path: outputs_eval
      hash: md5
      md5: 961490053e4025f8510c2cdf973c5f11.dir
      size: 79652
      nfiles: 5
